
Microsoft Visual Studio Solution File, Format Version 12.00
# Visual Studio 15
Project("{FAE04EC0-301F-11D3-BF4B-00C04F79EFBC}") = "Assembly-CSharp", "Assembly-CSharp.csproj", "{321D11F7-6FB3-C838-55AE-FF3596810221}"
EndProject
Project("{FAE04EC0-301F-11D3-BF4B-00C04F79EFBC}") = "Assembly-CSharp-Editor", "Assembly-CSharp-Editor.csproj", "{8E34F857-1016-DD8F-451B-E1CC971E3876}"
EndProject
Global
	GlobalSection(SolutionConfigurationPlatforms) = preSolution
		Debug|Any CPU = Debug|Any CPU
		Release|Any CPU = Release|Any CPU
	EndGlobalSection
	GlobalSection(ProjectConfigurationPlatforms) = postSolution
		{321D11F7-6FB3-C838-55AE-FF3596810221}.Debug|Any CPU.ActiveCfg = Debug|Any CPU
		{321D11F7-6FB3-C838-55AE-FF3596810221}.Debug|Any CPU.Build.0 = Debug|Any CPU
		{321D11F7-6FB3-C838-55AE-FF3596810221}.Release|Any CPU.ActiveCfg = Release|Any CPU
		{321D11F7-6FB3-C838-55AE-FF3596810221}.Release|Any CPU.Build.0 = Release|Any CPU
		{8E34F857-1016-DD8F-451B-E1CC971E3876}.Debug|Any CPU.ActiveCfg = Debug|Any CPU
		{8E34F857-1016-DD8F-451B-E1CC971E3876}.Debug|Any CPU.Build.0 = Debug|Any CPU
		{8E34F857-1016-DD8F-451B-E1CC971E3876}.Release|Any CPU.ActiveCfg = Release|Any CPU
		{8E34F857-1016-DD8F-451B-E1CC971E3876}.Release|Any CPU.Build.0 = Release|Any CPU
	EndGlobalSection
	GlobalSection(SolutionProperties) = preSolution
		HideSolutionNode = FALSE
	EndGlobalSection
EndGlobal
